
Microsoft Visual Studio Solution File, Format Version 12.00
# Visual Studio Version 16
VisualStudioVersion = 16.0.34031.81
MinimumVisualStudioVersion = 10.0.40219.1
Project("{FAE04EC0-301F-11D3-BF4B-00C04F79EFBC}") = "PowerPoint", "PowerPoint.csproj", "{7FFFFB37-D3BA-41CC-98A6-61FDB04F3FDF}"
EndProject
Project("{FAE04EC0-301F-11D3-BF4B-00C04F79EFBC}") = "PowerPointTests", "..\PowerPointTests\PowerPointTests.csproj", "{64D138D7-26C6-44E3-A583-FA7CA3E57C3B}"
EndProject
Global
	GlobalSection(SolutionConfigurationPlatforms) = preSolution
		Debug|Any CPU = Debug|Any CPU
		Release|Any CPU = Release|Any CPU
	EndGlobalSection
	GlobalSection(ProjectConfigurationPlatforms) = postSolution
		{7FFFFB37-D3BA-41CC-98A6-61FDB04F3FDF}.Debug|Any CPU.ActiveCfg = Debug|Any CPU
		{7FFFFB37-D3BA-41CC-98A6-61FDB04F3FDF}.Debug|Any CPU.Build.0 = Debug|Any CPU
		{7FFFFB37-D3BA-41CC-98A6-61FDB04F3FDF}.Release|Any CPU.ActiveCfg = Release|Any CPU
		{7FFFFB37-D3BA-41CC-98A6-61FDB04F3FDF}.Release|Any CPU.Build.0 = Release|Any CPU
		{64D138D7-26C6-44E3-A583-FA7CA3E57C3B}.Debug|Any CPU.ActiveCfg = Debug|Any CPU
		{64D138D7-26C6-44E3-A583-FA7CA3E57C3B}.Debug|Any CPU.Build.0 = Debug|Any CPU
		{64D138D7-26C6-44E3-A583-FA7CA3E57C3B}.Release|Any CPU.ActiveCfg = Release|Any CPU
		{64D138D7-26C6-44E3-A583-FA7CA3E57C3B}.Release|Any CPU.Build.0 = Release|Any CPU
	EndGlobalSection
	GlobalSection(SolutionProperties) = preSolution
		HideSolutionNode = FALSE
	EndGlobalSection
	GlobalSection(ExtensibilityGlobals) = postSolution
		SolutionGuid = {C0F98ACD-417A-47DA-A6A1-CFDAF8B882E2}
	EndGlobalSection
EndGlobal
